
Microsoft Visual Studio Solution File, Format Version 12.00
# Visual Studio Version 16
VisualStudioVersion = 16.0.31005.135
MinimumVisualStudioVersion = 10.0.40219.1
Project("{FAE04EC0-301F-11D3-BF4B-00C04F79EFBC}") = "Tormor.Web", "TormorWeb\Tormor.Web.csproj", "{03F2F673-F6C6-4333-9498-35BAD3EF18BC}"
EndProject
Project("{FAE04EC0-301F-11D3-BF4B-00C04F79EFBC}") = "Tormor.Web.Tests", "TormorWeb.Tests\Tormor.Web.Tests.csproj", "{CC4FC2EC-67C9-4042-8187-CE0E2F6C1A4B}"
EndProject
Project("{FAE04EC0-301F-11D3-BF4B-00C04F79EFBC}") = "NNS.MVCHelpers", "NNSMVCHelpers\NNS.MVCHelpers.csproj", "{4491B28C-E688-406E-B7AC-4266611E2D9E}"
EndProject
Project("{FAE04EC0-301F-11D3-BF4B-00C04F79EFBC}") = "Tormor.DomainModel", "Tormor.DomainModel\Tormor.DomainModel.csproj", "{A17E5FF7-0400-427E-A28A-5865E1254148}"
EndProject
Project("{FAE04EC0-301F-11D3-BF4B-00C04F79EFBC}") = "NNS.CustomEvents", "NNSCustomEvents\NNS.CustomEvents.csproj", "{7EA9FCFE-8672-415A-A69C-C3A916938807}"
EndProject
Project("{FAE04EC0-301F-11D3-BF4B-00C04F79EFBC}") = "NNS.GeneralHelpers", "NNS.GeneralHelpers\NNS.GeneralHelpers.csproj", "{01E5509B-CE9D-47E2-9689-510923F2755A}"
EndProject
Project("{FAE04EC0-301F-11D3-BF4B-00C04F79EFBC}") = "Tormor.Web.Reports", "Tormor.Web.Reports\Tormor.Web.Reports.csproj", "{B7FA8D84-A744-43A7-9A1E-F86008FBE37C}"
EndProject
Project("{FAE04EC0-301F-11D3-BF4B-00C04F79EFBC}") = "XtraReportDesigner", "XtraReportDesigner\XtraReportDesigner.csproj", "{61B4187C-D354-4BBC-BFA8-DABAC8C909C0}"
EndProject
Global
	GlobalSection(SolutionConfigurationPlatforms) = preSolution
		Debug|Any CPU = Debug|Any CPU
		Release|Any CPU = Release|Any CPU
	EndGlobalSection
	GlobalSection(ProjectConfigurationPlatforms) = postSolution
		{03F2F673-F6C6-4333-9498-35BAD3EF18BC}.Debug|Any CPU.ActiveCfg = Debug|Any CPU
		{03F2F673-F6C6-4333-9498-35BAD3EF18BC}.Debug|Any CPU.Build.0 = Debug|Any CPU
		{03F2F673-F6C6-4333-9498-35BAD3EF18BC}.Release|Any CPU.ActiveCfg = Release|Any CPU
		{03F2F673-F6C6-4333-9498-35BAD3EF18BC}.Release|Any CPU.Build.0 = Release|Any CPU
		{CC4FC2EC-67C9-4042-8187-CE0E2F6C1A4B}.Debug|Any CPU.ActiveCfg = Debug|Any CPU
		{CC4FC2EC-67C9-4042-8187-CE0E2F6C1A4B}.Release|Any CPU.ActiveCfg = Release|Any CPU
		{4491B28C-E688-406E-B7AC-4266611E2D9E}.Debug|Any CPU.ActiveCfg = Debug|Any CPU
		{4491B28C-E688-406E-B7AC-4266611E2D9E}.Debug|Any CPU.Build.0 = Debug|Any CPU
		{4491B28C-E688-406E-B7AC-4266611E2D9E}.Release|Any CPU.ActiveCfg = Release|Any CPU
		{4491B28C-E688-406E-B7AC-4266611E2D9E}.Release|Any CPU.Build.0 = Release|Any CPU
		{A17E5FF7-0400-427E-A28A-5865E1254148}.Debug|Any CPU.ActiveCfg = Debug|Any CPU
		{A17E5FF7-0400-427E-A28A-5865E1254148}.Debug|Any CPU.Build.0 = Debug|Any CPU
		{A17E5FF7-0400-427E-A28A-5865E1254148}.Release|Any CPU.ActiveCfg = Release|Any CPU
		{A17E5FF7-0400-427E-A28A-5865E1254148}.Release|Any CPU.Build.0 = Release|Any CPU
		{7EA9FCFE-8672-415A-A69C-C3A916938807}.Debug|Any CPU.ActiveCfg = Debug|Any CPU
		{7EA9FCFE-8672-415A-A69C-C3A916938807}.Debug|Any CPU.Build.0 = Debug|Any CPU
		{7EA9FCFE-8672-415A-A69C-C3A916938807}.Release|Any CPU.ActiveCfg = Release|Any CPU
		{7EA9FCFE-8672-415A-A69C-C3A916938807}.Release|Any CPU.Build.0 = Release|Any CPU
		{01E5509B-CE9D-47E2-9689-510923F2755A}.Debug|Any CPU.ActiveCfg = Debug|Any CPU
		{01E5509B-CE9D-47E2-9689-510923F2755A}.Debug|Any CPU.Build.0 = Debug|Any CPU
		{01E5509B-CE9D-47E2-9689-510923F2755A}.Release|Any CPU.ActiveCfg = Release|Any CPU
		{01E5509B-CE9D-47E2-9689-510923F2755A}.Release|Any CPU.Build.0 = Release|Any CPU
		{B7FA8D84-A744-43A7-9A1E-F86008FBE37C}.Debug|Any CPU.ActiveCfg = Debug|Any CPU
		{B7FA8D84-A744-43A7-9A1E-F86008FBE37C}.Debug|Any CPU.Build.0 = Debug|Any CPU
		{B7FA8D84-A744-43A7-9A1E-F86008FBE37C}.Release|Any CPU.ActiveCfg = Release|Any CPU
		{B7FA8D84-A744-43A7-9A1E-F86008FBE37C}.Release|Any CPU.Build.0 = Release|Any CPU
		{61B4187C-D354-4BBC-BFA8-DABAC8C909C0}.Debug|Any CPU.ActiveCfg = Debug|Any CPU
		{61B4187C-D354-4BBC-BFA8-DABAC8C909C0}.Release|Any CPU.ActiveCfg = Release|Any CPU
	EndGlobalSection
	GlobalSection(SolutionProperties) = preSolution
		HideSolutionNode = FALSE
	EndGlobalSection
	GlobalSection(ExtensibilityGlobals) = postSolution
		SolutionGuid = {7E3E64DC-2EFB-4ACA-A722-C6A73DFEF08D}
	EndGlobalSection
EndGlobal
